
Microsoft Visual Studio Solution File, Format Version 12.00
# Visual Studio Version 16
VisualStudioVersion = 16.0.30011.22
MinimumVisualStudioVersion = 10.0.40219.1
Project("{FAE04EC0-301F-11D3-BF4B-00C04F79EFBC}") = "show", "show\show.csproj", "{D444F667-9156-4C26-9E9C-A9141A990326}"
EndProject
Global
	GlobalSection(SolutionConfigurationPlatforms) = preSolution
		Debug|Any CPU = Debug|Any CPU
		Release|Any CPU = Release|Any CPU
	EndGlobalSection
	GlobalSection(ProjectConfigurationPlatforms) = postSolution
		{D444F667-9156-4C26-9E9C-A9141A990326}.Debug|Any CPU.ActiveCfg = Debug|Any CPU
		{D444F667-9156-4C26-9E9C-A9141A990326}.Debug|Any CPU.Build.0 = Debug|Any CPU
		{D444F667-9156-4C26-9E9C-A9141A990326}.Release|Any CPU.ActiveCfg = Release|Any CPU
		{D444F667-9156-4C26-9E9C-A9141A990326}.Release|Any CPU.Build.0 = Release|Any CPU
	EndGlobalSection
	GlobalSection(SolutionProperties) = preSolution
		HideSolutionNode = FALSE
	EndGlobalSection
	GlobalSection(ExtensibilityGlobals) = postSolution
		SolutionGuid = {8706D724-C62D-4793-BFEB-FDC58112D441}
	EndGlobalSection
EndGlobal
